
Microsoft Visual Studio Solution File, Format Version 12.00
# Visual Studio Version 16
VisualStudioVersion = 16.0.31911.196
MinimumVisualStudioVersion = 10.0.40219.1
Project("{FAE04EC0-301F-11D3-BF4B-00C04F79EFBC}") = "Задание Wpf12", "Задание Wpf12\Задание Wpf12.csproj", "{B5F85074-6464-4027-B1D4-5D4794B7FB89}"
EndProject
Global
	GlobalSection(SolutionConfigurationPlatforms) = preSolution
		Debug|Any CPU = Debug|Any CPU
		Release|Any CPU = Release|Any CPU
	EndGlobalSection
	GlobalSection(ProjectConfigurationPlatforms) = postSolution
		{B5F85074-6464-4027-B1D4-5D4794B7FB89}.Debug|Any CPU.ActiveCfg = Debug|Any CPU
		{B5F85074-6464-4027-B1D4-5D4794B7FB89}.Debug|Any CPU.Build.0 = Debug|Any CPU
		{B5F85074-6464-4027-B1D4-5D4794B7FB89}.Release|Any CPU.ActiveCfg = Release|Any CPU
		{B5F85074-6464-4027-B1D4-5D4794B7FB89}.Release|Any CPU.Build.0 = Release|Any CPU
	EndGlobalSection
	GlobalSection(SolutionProperties) = preSolution
		HideSolutionNode = FALSE
	EndGlobalSection
	GlobalSection(ExtensibilityGlobals) = postSolution
		SolutionGuid = {26B60DDF-B3BA-497D-A6BC-23278480E3EA}
	EndGlobalSection
EndGlobal
